{
  "name": "hackernews",
  "version": "1.0.0",
  "lockfileVersion": 1,
  "requires": true,
  "dependencies": {
    "@types/quill": {
      "version": "1.3.6",
      "resolved": "https://registry.npmjs.org/@types/quill/-/quill-1.3.6.tgz",
      "integrity": "sha512-cORm6a2Z18M3DRMR1oE29hMFycyUkA0I0K0Bbmo0gUs9/7HzNShLTV/e9btn6asoanYxQR3Mys+QSXPO/I57CQ==",
      "requires": {
        "parchment": "1.1.4"
      }
    },
    "@types/react": {
      "version": "16.3.10",
      "resolved": "https://registry.npmjs.org/@types/react/-/react-16.3.10.tgz",
      "integrity": "sha512-NGqrP0qhgn8hlFMO3I1w7vwT8KIcdEg1D1AFtYaNBhp1Uo4SZgUpNcbOBfrvgAPRr1nn+Ail/0VoPLI2n4SNMw==",
      "requires": {
        "csstype": "2.2.0"
      }
    },
    "asap": {
      "version": "2.0.6",
      "resolved": "https://registry.npmjs.org/asap/-/asap-2.0.6.tgz",
      "integrity": "sha1-5QNHYR1+aQlDIIu9r+vLwvuGbUY="
    },
    "braft-editor": {
      "version": "1.8.7",
      "resolved": "https://registry.npmjs.org/braft-editor/-/braft-editor-1.8.7.tgz",
      "integrity": "sha512-Cv98Qd2LQFrk4tOLfMfKwvD9lJrAck6vhoi+qD+VBtkM5bfrwrMf8dy1ePNCuSxf4ZfM72R0Bc1gsgyBGnPQfw==",
      "requires": {
        "draft-convert": "2.0.1",
        "draft-js": "0.10.5",
        "draftjs-utils": "0.8.8"
      }
    },
    "classnames": {
      "version": "2.2.5",
      "resolved": "https://registry.npmjs.org/classnames/-/classnames-2.2.5.tgz",
      "integrity": "sha1-+zgB1FNGdknvNgPH1hoCvRKb3m0="
    },
    "clone": {
      "version": "2.1.2",
      "resolved": "https://registry.npmjs.org/clone/-/clone-2.1.2.tgz",
      "integrity": "sha1-G39Ln1kfHo+DZwQBYANFoCiHQ18="
    },
    "core-js": {
      "version": "1.2.7",
      "resolved": "https://registry.npmjs.org/core-js/-/core-js-1.2.7.tgz",
      "integrity": "sha1-ZSKUwUZR2yj6k70tX/KYOk8IxjY="
    },
    "create-react-class": {
      "version": "15.6.3",
      "resolved": "https://registry.npmjs.org/create-react-class/-/create-react-class-15.6.3.tgz",
      "integrity": "sha512-M+/3Q6E6DLO6Yx3OwrWjwHBnvfXXYA7W+dFjt/ZDBemHO1DDZhsalX/NUtnTYclN6GfnBDRh4qRHjcDHmlJBJg==",
      "requires": {
        "fbjs": "0.8.16",
        "loose-envify": "1.3.1",
        "object-assign": "4.1.1"
      }
    },
    "csstype": {
      "version": "2.2.0",
      "resolved": "https://registry.npmjs.org/csstype/-/csstype-2.2.0.tgz",
      "integrity": "sha512-5YHWQgAtzKIA8trr2AVg6Jq5Fs5eAR1UqKbRJjgQQevNx3IAhD3S9wajvqJdmO7bgIxy0MA5lFVPzJYjmMlNeQ=="
    },
    "deep-equal": {
      "version": "1.0.1",
      "resolved": "https://registry.npmjs.org/deep-equal/-/deep-equal-1.0.1.tgz",
      "integrity": "sha1-9dJgKStmDghO/0zbyfCK0yR0SLU="
    },
    "draft-convert": {
      "version": "2.0.1",
      "resolved": "https://registry.npmjs.org/draft-convert/-/draft-convert-2.0.1.tgz",
      "integrity": "sha1-36qBK0ifqHs4pU4W0EUj6rY1ZNk=",
      "requires": {
        "immutable": "3.7.6",
        "invariant": "2.2.4"
      }
    },
    "draft-js": {
      "version": "0.10.5",
      "resolved": "https://registry.npmjs.org/draft-js/-/draft-js-0.10.5.tgz",
      "integrity": "sha512-LE6jSCV9nkPhfVX2ggcRLA4FKs6zWq9ceuO/88BpXdNCS7mjRTgs0NsV6piUCJX9YxMsB9An33wnkMmU2sD2Zg==",
      "requires": {
        "fbjs": "0.8.16",
        "immutable": "3.7.6",
        "object-assign": "4.1.1"
      }
    },
    "draftjs-utils": {
      "version": "0.8.8",
      "resolved": "https://registry.npmjs.org/draftjs-utils/-/draftjs-utils-0.8.8.tgz",
      "integrity": "sha1-WDXa7ZX1nT7h+W/cu7mAl3LIZJA="
    },
    "encoding": {
      "version": "0.1.12",
      "resolved": "https://registry.npmjs.org/encoding/-/encoding-0.1.12.tgz",
      "integrity": "sha1-U4tm8+5izRq1HsMjgp0flIDHS+s=",
      "requires": {
        "iconv-lite": "0.4.21"
      }
    },
    "eventemitter3": {
      "version": "2.0.3",
      "resolved": "https://registry.npmjs.org/eventemitter3/-/eventemitter3-2.0.3.tgz",
      "integrity": "sha1-teEHm1n7XhuidxwKmTvgYKWMmbo="
    },
    "extend": {
      "version": "3.0.1",
      "resolved": "https://registry.npmjs.org/extend/-/extend-3.0.1.tgz",
      "integrity": "sha1-p1Xqe8Gt/MWjHOfnYtuq3F5jZEQ="
    },
    "fast-diff": {
      "version": "1.1.2",
      "resolved": "https://registry.npmjs.org/fast-diff/-/fast-diff-1.1.2.tgz",
      "integrity": "sha512-KaJUt+M9t1qaIteSvjc6P3RbMdXsNhK61GRftR6SNxqmhthcd9MGIi4T+o0jD8LUSpSnSKXE20nLtJ3fOHxQig=="
    },
    "fbjs": {
      "version": "0.8.16",
      "resolved": "https://registry.npmjs.org/fbjs/-/fbjs-0.8.16.tgz",
      "integrity": "sha1-XmdDL1UNxBtXK/VYR7ispk5TN9s=",
      "requires": {
        "core-js": "1.2.7",
        "isomorphic-fetch": "2.2.1",
        "loose-envify": "1.3.1",
        "object-assign": "4.1.1",
        "promise": "7.3.1",
        "setimmediate": "1.0.5",
        "ua-parser-js": "0.7.17"
      }
    },
    "github-markdown-css": {
      "version": "2.10.0",
      "resolved": "https://registry.npmjs.org/github-markdown-css/-/github-markdown-css-2.10.0.tgz",
      "integrity": "sha512-RX5VUC54uX6Lvrm226M9kMzsNeOa81MnKyxb3J0G5KLjyoOySOZgwyKFkUpv6iUhooiUZdogk+OTwQPJ4WttYg=="
    },
    "html-to-draftjs": {
      "version": "1.3.0",
      "resolved": "https://registry.npmjs.org/html-to-draftjs/-/html-to-draftjs-1.3.0.tgz",
      "integrity": "sha512-JC4cM6X7jZwIHlVRK8RinJMUBbHV+duA3zNrXAPDAA4YlTPo8lcsPWPA/cSclm+Uq2moRfUmXfkoop5n877vAQ=="
    },
    "iconv-lite": {
      "version": "0.4.21",
      "resolved": "https://registry.npmjs.org/iconv-lite/-/iconv-lite-0.4.21.tgz",
      "integrity": "sha512-En5V9za5mBt2oUA03WGD3TwDv0MKAruqsuxstbMUZaj9W9k/m1CV/9py3l0L5kw9Bln8fdHQmzHSYtvpvTLpKw==",
      "requires": {
        "safer-buffer": "2.1.2"
      }
    },
    "immutable": {
      "version": "3.7.6",
      "resolved": "https://registry.npmjs.org/immutable/-/immutable-3.7.6.tgz",
      "integrity": "sha1-E7TTyxK++hVIKib+Gy665kAHHks="
    },
    "invariant": {
      "version": "2.2.4",
      "resolved": "https://registry.npmjs.org/invariant/-/invariant-2.2.4.tgz",
      "integrity": "sha512-phJfQVBuaJM5raOpJjSfkiD6BpbCE4Ns//LaXl6wGYtUBY83nWS6Rf9tXm2e8VaK60JEjYldbPif/A2B1C2gNA==",
      "requires": {
        "loose-envify": "1.3.1"
      }
    },
    "is-stream": {
      "version": "1.1.0",
      "resolved": "https://registry.npmjs.org/is-stream/-/is-stream-1.1.0.tgz",
      "integrity": "sha1-EtSj3U5o4Lec6428hBc66A2RykQ="
    },
    "isomorphic-fetch": {
      "version": "2.2.1",
      "resolved": "https://registry.npmjs.org/isomorphic-fetch/-/isomorphic-fetch-2.2.1.tgz",
      "integrity": "sha1-YRrhrPFPXoH3KVB0coGf6XM1WKk=",
      "requires": {
        "node-fetch": "1.7.3",
        "whatwg-fetch": "2.0.4"
      }
    },
    "js-tokens": {
      "version": "3.0.2",
      "resolved": "https://registry.npmjs.org/js-tokens/-/js-tokens-3.0.2.tgz",
      "integrity": "sha1-mGbfOVECEw449/mWvOtlRDIJwls="
    },
    "linkify-it": {
      "version": "2.0.3",
      "resolved": "https://registry.npmjs.org/linkify-it/-/linkify-it-2.0.3.tgz",
      "integrity": "sha1-2UpGSPmxwXnWT6lykSaL22zpQ08=",
      "requires": {
        "uc.micro": "1.0.5"
      }
    },
    "lodash": {
      "version": "4.17.5",
      "resolved": "https://registry.npmjs.org/lodash/-/lodash-4.17.5.tgz",
      "integrity": "sha512-svL3uiZf1RwhH+cWrfZn3A4+U58wbP0tGVTLQPbjplZxZ8ROD9VLuNgsRniTlLe7OlSqR79RUehXgpBW/s0IQw=="
    },
    "loose-envify": {
      "version": "1.3.1",
      "resolved": "https://registry.npmjs.org/loose-envify/-/loose-envify-1.3.1.tgz",
      "integrity": "sha1-0aitM/qc4OcT1l/dCsi3SNR4yEg=",
      "requires": {
        "js-tokens": "3.0.2"
      }
    },
    "node-fetch": {
      "version": "1.7.3",
      "resolved": "https://registry.npmjs.org/node-fetch/-/node-fetch-1.7.3.tgz",
      "integrity": "sha512-NhZ4CsKx7cYm2vSrBAr2PvFOe6sWDf0UYLRqA6svUYg7+/TSfVAu49jYC4BvQ4Sms9SZgdqGBgroqfDhJdTyKQ==",
      "requires": {
        "encoding": "0.1.12",
        "is-stream": "1.1.0"
      }
    },
    "object-assign": {
      "version": "4.1.1",
      "resolved": "https://registry.npmjs.org/object-assign/-/object-assign-4.1.1.tgz",
      "integrity": "sha1-IQmtx5ZYh8/AXLvUQsrIv7s2CGM="
    },
    "parchment": {
      "version": "1.1.4",
      "resolved": "https://registry.npmjs.org/parchment/-/parchment-1.1.4.tgz",
      "integrity": "sha512-J5FBQt/pM2inLzg4hEWmzQx/8h8D0CiDxaG3vyp9rKrQRSDgBlhjdP5jQGgosEajXPSQouXGHOmVdgo7QmJuOg=="
    },
    "performance-now": {
      "version": "2.1.0",
      "resolved": "https://registry.npmjs.org/performance-now/-/performance-now-2.1.0.tgz",
      "integrity": "sha1-Ywn04OX6kT7BxpMHrjZLSzd8nns="
    },
    "promise": {
      "version": "7.3.1",
      "resolved": "https://registry.npmjs.org/promise/-/promise-7.3.1.tgz",
      "integrity": "sha512-nolQXZ/4L+bP/UGlkfaIujX9BKxGwmQ9OT4mOt5yvy8iK1h3wqTEJCijzGANTCCl9nWjY41juyAn2K3Q1hLLTg==",
      "requires": {
        "asap": "2.0.6"
      }
    },
    "prop-types": {
      "version": "15.6.1",
      "resolved": "https://registry.npmjs.org/prop-types/-/prop-types-15.6.1.tgz",
      "integrity": "sha512-4ec7bY1Y66LymSUOH/zARVYObB23AT2h8cf6e/O6ZALB/N0sqZFEx7rq6EYPX2MkOdKORuooI/H5k9TlR4q7kQ==",
      "requires": {
        "fbjs": "0.8.16",
        "loose-envify": "1.3.1",
        "object-assign": "4.1.1"
      }
    },
    "quill": {
      "version": "1.3.6",
      "resolved": "https://registry.npmjs.org/quill/-/quill-1.3.6.tgz",
      "integrity": "sha512-K0mvhimWZN6s+9OQ249CH2IEPZ9JmkFuCQeHAOQax3EZ2nDJ3wfGh59mnlQaZV2i7u8eFarx6wAtvQKgShojug==",
      "requires": {
        "clone": "2.1.2",
        "deep-equal": "1.0.1",
        "eventemitter3": "2.0.3",
        "extend": "3.0.1",
        "parchment": "1.1.4",
        "quill-delta": "3.6.2"
      }
    },
    "quill-delta": {
      "version": "3.6.2",
      "resolved": "https://registry.npmjs.org/quill-delta/-/quill-delta-3.6.2.tgz",
      "integrity": "sha512-grWEQq9woEidPDogtDNxQKmy2LFf9zBC0EU/YTSw6TwKmMjtihTxdnPtPRfrqazB2MSJ7YdCWxmsJ7aQKRSEgg==",
      "requires": {
        "deep-equal": "1.0.1",
        "extend": "3.0.1",
        "fast-diff": "1.1.2"
      }
    },
    "raf": {
      "version": "3.4.0",
      "resolved": "https://registry.npmjs.org/raf/-/raf-3.4.0.tgz",
      "integrity": "sha512-pDP/NMRAXoTfrhCfyfSEwJAKLaxBU9eApMeBPB1TkDouZmvPerIClV8lTAd+uF8ZiTaVl69e1FCxQrAd/VTjGw==",
      "requires": {
        "performance-now": "2.1.0"
      }
    },
    "react-dom-factories": {
      "version": "1.0.2",
      "resolved": "https://registry.npmjs.org/react-dom-factories/-/react-dom-factories-1.0.2.tgz",
      "integrity": "sha1-63cFxNs2+1AbOqOP91lhaqD/luA="
    },
    "react-draft-wysiwyg": {
      "version": "1.12.11",
      "resolved": "https://registry.npmjs.org/react-draft-wysiwyg/-/react-draft-wysiwyg-1.12.11.tgz",
      "integrity": "sha512-qYxBQ+TawA+Qe3whptKaEBkn/fmxZ8pCOgQu/0CKL7hres4XtV1RR4ubav+dVsFl6sUM7FEJBGM4LpzLPx3P5g==",
      "requires": {
        "classnames": "2.2.5",
        "draftjs-utils": "0.9.3",
        "html-to-draftjs": "1.3.0",
        "linkify-it": "2.0.3",
        "prop-types": "15.6.1"
      },
      "dependencies": {
        "draftjs-utils": {
          "version": "0.9.3",
          "resolved": "https://registry.npmjs.org/draftjs-utils/-/draftjs-utils-0.9.3.tgz",
          "integrity": "sha1-eBJUkIvrfKnv9tpjvH2WTd0D7CI="
        }
      }
    },
    "react-quill": {
      "version": "1.2.7",
      "resolved": "https://registry.npmjs.org/react-quill/-/react-quill-1.2.7.tgz",
      "integrity": "sha1-PnT627MNzpFXM60jD5JBWJRDfBY=",
      "requires": {
        "@types/quill": "1.3.6",
        "@types/react": "16.3.10",
        "create-react-class": "15.6.3",
        "lodash": "4.17.5",
        "prop-types": "15.6.1",
        "quill": "1.3.6",
        "react-dom-factories": "1.0.2"
      }
    },
    "react-sticky": {
      "version": "6.0.2",
      "resolved": "https://registry.npmjs.org/react-sticky/-/react-sticky-6.0.2.tgz",
      "integrity": "sha512-eXsij6ifE2k1d6eCwQzil0JRS3VLP6BYfiF7qEbVPL3GLqciedGJfbavpXx5T95x5HvhuAA4FChYEDv83r1NyQ==",
      "requires": {
        "prop-types": "15.6.1",
        "raf": "3.4.0"
      }
    },
    "safer-buffer": {
      "version": "2.1.2",
      "resolved": "https://registry.npmjs.org/safer-buffer/-/safer-buffer-2.1.2.tgz",
      "integrity": "sha512-YZo3K82SD7Riyi0E1EQPojLz7kpepnSQI9IyPbHHg1XXXevb5dJI7tpyN2ADxGcQbHG7vcyRHk0cbwqcQriUtg=="
    },
    "setimmediate": {
      "version": "1.0.5",
      "resolved": "https://registry.npmjs.org/setimmediate/-/setimmediate-1.0.5.tgz",
      "integrity": "sha1-KQy7Iy4waULX1+qbg3Mqt4VvgoU="
    },
    "ua-parser-js": {
      "version": "0.7.17",
      "resolved": "https://registry.npmjs.org/ua-parser-js/-/ua-parser-js-0.7.17.tgz",
      "integrity": "sha512-uRdSdu1oA1rncCQL7sCj8vSyZkgtL7faaw9Tc9rZ3mGgraQ7+Pdx7w5mnOSF3gw9ZNG6oc+KXfkon3bKuROm0g=="
    },
    "uc.micro": {
      "version": "1.0.5",
      "resolved": "https://registry.npmjs.org/uc.micro/-/uc.micro-1.0.5.tgz",
      "integrity": "sha512-JoLI4g5zv5qNyT09f4YAvEZIIV1oOjqnewYg5D38dkQljIzpPT296dbIGvKro3digYI1bkb7W6EP1y4uDlmzLg=="
    },
    "whatwg-fetch": {
      "version": "2.0.4",
      "resolved": "https://registry.npmjs.org/whatwg-fetch/-/whatwg-fetch-2.0.4.tgz",
      "integrity": "sha512-dcQ1GWpOD/eEQ97k66aiEVpNnapVj90/+R+SXTPYGHpYBBypfKJEQjLrvMZ7YXbKm21gXd4NcuxUTjiv1YtLng=="
    }
  }
}
